
Microsoft Visual Studio Solution File, Format Version 12.00
# Visual Studio 14
VisualStudioVersion = 14.0.24720.0
MinimumVisualStudioVersion = 10.0.40219.1
Project("{FAE04EC0-301F-11D3-BF4B-00C04F79EFBC}") = "Murmansk.ComponentModel", "Murmansk.ComponentModel\Murmansk.ComponentModel.csproj", "{21ECF1DD-A3D9-49AA-B3C9-50CBDD212BC9}"
EndProject
Project("{FAE04EC0-301F-11D3-BF4B-00C04F79EFBC}") = "Murmansk.ComponentModel.Tests", "Murmansk.ComponentModel.Tests\Murmansk.ComponentModel.Tests.csproj", "{48834F55-5DBF-4C49-AB48-3762B69DAC8E}"
EndProject
Global
	GlobalSection(SolutionConfigurationPlatforms) = preSolution
		Debug|Any CPU = Debug|Any CPU
		Release|Any CPU = Release|Any CPU
	EndGlobalSection
	GlobalSection(ProjectConfigurationPlatforms) = postSolution
		{21ECF1DD-A3D9-49AA-B3C9-50CBDD212BC9}.Debug|Any CPU.ActiveCfg = Debug|Any CPU
		{21ECF1DD-A3D9-49AA-B3C9-50CBDD212BC9}.Debug|Any CPU.Build.0 = Debug|Any CPU
		{21ECF1DD-A3D9-49AA-B3C9-50CBDD212BC9}.Release|Any CPU.ActiveCfg = Release|Any CPU
		{21ECF1DD-A3D9-49AA-B3C9-50CBDD212BC9}.Release|Any CPU.Build.0 = Release|Any CPU
		{48834F55-5DBF-4C49-AB48-3762B69DAC8E}.Debug|Any CPU.ActiveCfg = Debug|Any CPU
		{48834F55-5DBF-4C49-AB48-3762B69DAC8E}.Debug|Any CPU.Build.0 = Debug|Any CPU
		{48834F55-5DBF-4C49-AB48-3762B69DAC8E}.Release|Any CPU.ActiveCfg = Release|Any CPU
		{48834F55-5DBF-4C49-AB48-3762B69DAC8E}.Release|Any CPU.Build.0 = Release|Any CPU
	EndGlobalSection
	GlobalSection(SolutionProperties) = preSolution
		HideSolutionNode = FALSE
	EndGlobalSection
EndGlobal
